// !$*UTF8*$!
{
	archiveVersion = 1;
	classes = {
	};
	objectVersion = 50;
	objects = {

/* Begin PBXBuildFile section */
		0825E9AA2164673000994015 /* AppDelegate.swift in Sources */ = {isa = PBXBuildFile; fileRef = 0825E9A92164673000994015 /* AppDelegate.swift */; };
		0825E9B12164673100994015 /* Assets.xcassets in Resources */ = {isa = PBXBuildFile; fileRef = 0825E9B02164673100994015 /* Assets.xcassets */; };
		0825E9B42164673100994015 /* LaunchScreen.storyboard in Resources */ = {isa = PBXBuildFile; fileRef = 0825E9B22164673100994015 /* LaunchScreen.storyboard */; };
		0825E9BF2164673100994015 /* EatSpectorTests.swift in Sources */ = {isa = PBXBuildFile; fileRef = 0825E9BE2164673100994015 /* EatSpectorTests.swift */; };
		0825E9CA2164673100994015 /* EatSpectorUITests.swift in Sources */ = {isa = PBXBuildFile; fileRef = 0825E9C92164673100994015 /* EatSpectorUITests.swift */; };
		0830FC7B218170DE00896264 /* BusinessCell.swift in Sources */ = {isa = PBXBuildFile; fileRef = 0830FC7A218170DE00896264 /* BusinessCell.swift */; };
		0830FC7D2181748D00896264 /* Business.swift in Sources */ = {isa = PBXBuildFile; fileRef = 0830FC7C2181748D00896264 /* Business.swift */; };
		0830FC8221817B9F00896264 /* BusinessAPIManager.swift in Sources */ = {isa = PBXBuildFile; fileRef = 0830FC8121817B9F00896264 /* BusinessAPIManager.swift */; };
		08A1E2F921791DEB0045F62E /* HomeViewController.swift in Sources */ = {isa = PBXBuildFile; fileRef = 08A1E2F821791DEB0045F62E /* HomeViewController.swift */; };
		08A1E2FB21791EF60045F62E /* DetailViewController.swift in Sources */ = {isa = PBXBuildFile; fileRef = 08A1E2FA21791EF60045F62E /* DetailViewController.swift */; };
		08BB8423217702ED00EC8FEB /* SignUpViewController.swift in Sources */ = {isa = PBXBuildFile; fileRef = 08BB8422217702ED00EC8FEB /* SignUpViewController.swift */; };
		08BB84252177032000EC8FEB /* SignInViewController.swift in Sources */ = {isa = PBXBuildFile; fileRef = 08BB84242177032000EC8FEB /* SignInViewController.swift */; };
		08DCEC0021B63CE80095A45E /* RecommendationVC.swift in Sources */ = {isa = PBXBuildFile; fileRef = 08DCEBFF21B63CE80095A45E /* RecommendationVC.swift */; };
		08E3DC24218922F2004F7CB3 /* GoogleService-Info.plist in Resources */ = {isa = PBXBuildFile; fileRef = 08E3DC23218922F2004F7CB3 /* GoogleService-Info.plist */; };
		08F261B221A720C400F74E89 /* MainViewController.swift in Sources */ = {isa = PBXBuildFile; fileRef = 08F261B121A720C400F74E89 /* MainViewController.swift */; };
		08F261B421A723F200F74E89 /* MainCell.swift in Sources */ = {isa = PBXBuildFile; fileRef = 08F261B321A723F200F74E89 /* MainCell.swift */; };
		2B7CAD1D687B99C9EB73DB59 /* Pods_EatSpectorTests.framework in Frameworks */ = {isa = PBXBuildFile; fileRef = C6802A06441007532F4C3458 /* Pods_EatSpectorTests.framework */; };
		863CF73121B34A0F00D98B6A /* SuggestViewController.swift in Sources */ = {isa = PBXBuildFile; fileRef = 863CF73021B34A0F00D98B6A /* SuggestViewController.swift */; };
		867F6A7A21950C140092533F /* Main.storyboard in Resources */ = {isa = PBXBuildFile; fileRef = 867F6A7921950C140092533F /* Main.storyboard */; };
		86C3EB7221B47C8900D71AA0 /* AccountTableViewController.swift in Sources */ = {isa = PBXBuildFile; fileRef = 86C3EB7121B47C8900D71AA0 /* AccountTableViewController.swift */; };
		86D8A28F219A716F00E4316E /* Home.storyboard in Resources */ = {isa = PBXBuildFile; fileRef = 86D8A28E219A716F00E4316E /* Home.storyboard */; };
		A95C8C53573430327F2165C9 /* Pods_EatSpectorUITests.framework in Frameworks */ = {isa = PBXBuildFile; fileRef = B374A3318F0FFEB7C08CE58A /* Pods_EatSpectorUITests.framework */; };
		DFFC856E49CCD9793408B7A2 /* Pods_EatSpector.framework in Frameworks */ = {isa = PBXBuildFile; fileRef = D4093E8A3101AA29D4E76591 /* Pods_EatSpector.framework */; };
/* End PBXBuildFile section */

/* Begin PBXContainerItemProxy section */
		0825E9BB2164673100994015 /* PBXContainerItemProxy */ = {
			isa = PBXContainerItemProxy;
			containerPortal = 0825E99E2164673000994015 /* Project object */;
			proxyType = 1;
			remoteGlobalIDString = 0825E9A52164673000994015;
			remoteInfo = EatSpector;
		};
		0825E9C62164673100994015 /* PBXContainerItemProxy */ = {
			isa = PBXContainerItemProxy;
			containerPortal = 0825E99E2164673000994015 /* Project object */;
			proxyType = 1;
			remoteGlobalIDString = 0825E9A52164673000994015;
			remoteInfo = EatSpector;
		};
/* End PBXContainerItemProxy section */

/* Begin PBXFileReference section */
		0825E9A62164673000994015 /* EatSpector.app */ = {isa = PBXFileReference; explicitFileType = wrapper.application; includeInIndex = 0; path = EatSpector.app; sourceTree = BUILT_PRODUCTS_DIR; };
		0825E9A92164673000994015 /* AppDelegate.swift */ = {isa = PBXFileReference; lastKnownFileType = sourcecode.swift; path = AppDelegate.swift; sourceTree = "<group>"; };
		0825E9B02164673100994015 /* Assets.xcassets */ = {isa = PBXFileReference; lastKnownFileType = folder.assetcatalog; path = Assets.xcassets; sourceTree = "<group>"; };
		0825E9B32164673100994015 /* Base */ = {isa = PBXFileReference; lastKnownFileType = file.storyboard; name = Base; path = Base.lproj/LaunchScreen.storyboard; sourceTree = "<group>"; };
		0825E9B52164673100994015 /* Info.plist */ = {isa = PBXFileReference; lastKnownFileType = text.plist.xml; path = Info.plist; sourceTree = "<group>"; };
		0825E9BA2164673100994015 /* EatSpectorTests.xctest */ = {isa = PBXFileReference; explicitFileType = wrapper.cfbundle; includeInIndex = 0; path = EatSpectorTests.xctest; sourceTree = BUILT_PRODUCTS_DIR; };
		0825E9BE2164673100994015 /* EatSpectorTests.swift */ = {isa = PBXFileReference; lastKnownFileType = sourcecode.swift; path = EatSpectorTests.swift; sourceTree = "<group>"; };
		0825E9C02164673100994015 /* Info.plist */ = {isa = PBXFileReference; lastKnownFileType = text.plist.xml; path = Info.plist; sourceTree = "<group>"; };
		0825E9C52164673100994015 /* EatSpectorUITests.xctest */ = {isa = PBXFileReference; explicitFileType = wrapper.cfbundle; includeInIndex = 0; path = EatSpectorUITests.xctest; sourceTree = BUILT_PRODUCTS_DIR; };
		0825E9C92164673100994015 /* EatSpectorUITests.swift */ = {isa = PBXFileReference; lastKnownFileType = sourcecode.swift; path = EatSpectorUITests.swift; sourceTree = "<group>"; };
		0825E9CB2164673100994015 /* Info.plist */ = {isa = PBXFileReference; lastKnownFileType = text.plist.xml; path = Info.plist; sourceTree = "<group>"; };
		0830FC7A218170DE00896264 /* BusinessCell.swift */ = {isa = PBXFileReference; lastKnownFileType = sourcecode.swift; path = BusinessCell.swift; sourceTree = "<group>"; };
		0830FC7C2181748D00896264 /* Business.swift */ = {isa = PBXFileReference; lastKnownFileType = sourcecode.swift; path = Business.swift; sourceTree = "<group>"; };
		0830FC8121817B9F00896264 /* BusinessAPIManager.swift */ = {isa = PBXFileReference; lastKnownFileType = sourcecode.swift; path = BusinessAPIManager.swift; sourceTree = "<group>"; };
		08A1E2F821791DEB0045F62E /* HomeViewController.swift */ = {isa = PBXFileReference; lastKnownFileType = sourcecode.swift; path = HomeViewController.swift; sourceTree = "<group>"; };
		08A1E2FA21791EF60045F62E /* DetailViewController.swift */ = {isa = PBXFileReference; lastKnownFileType = sourcecode.swift; path = DetailViewController.swift; sourceTree = "<group>"; };
		08BB8422217702ED00EC8FEB /* SignUpViewController.swift */ = {isa = PBXFileReference; lastKnownFileType = sourcecode.swift; path = SignUpViewController.swift; sourceTree = "<group>"; };
		08BB84242177032000EC8FEB /* SignInViewController.swift */ = {isa = PBXFileReference; lastKnownFileType = sourcecode.swift; path = SignInViewController.swift; sourceTree = "<group>"; };
		08DCEBFF21B63CE80095A45E /* RecommendationVC.swift */ = {isa = PBXFileReference; lastKnownFileType = sourcecode.swift; path = RecommendationVC.swift; sourceTree = "<group>"; };
		08E3DC23218922F2004F7CB3 /* GoogleService-Info.plist */ = {isa = PBXFileReference; fileEncoding = 4; lastKnownFileType = text.plist.xml; path = "GoogleService-Info.plist"; sourceTree = "<group>"; };
		08F261B121A720C400F74E89 /* MainViewController.swift */ = {isa = PBXFileReference; lastKnownFileType = sourcecode.swift; path = MainViewController.swift; sourceTree = "<group>"; };
		08F261B321A723F200F74E89 /* MainCell.swift */ = {isa = PBXFileReference; lastKnownFileType = sourcecode.swift; path = MainCell.swift; sourceTree = "<group>"; };
		3D6C1A7ADBF3DBB2C0C0E706 /* Pods-EatSpectorUITests.debug.xcconfig */ = {isa = PBXFileReference; includeInIndex = 1; lastKnownFileType = text.xcconfig; name = "Pods-EatSpectorUITests.debug.xcconfig"; path = "Target Support Files/Pods-EatSpectorUITests/Pods-EatSpectorUITests.debug.xcconfig"; sourceTree = "<group>"; };
		56C0EB14FBC4C8F4094A47FA /* Pods-EatSpectorTests.release.xcconfig */ = {isa = PBXFileReference; includeInIndex = 1; lastKnownFileType = text.xcconfig; name = "Pods-EatSpectorTests.release.xcconfig"; path = "Target Support Files/Pods-EatSpectorTests/Pods-EatSpectorTests.release.xcconfig"; sourceTree = "<group>"; };
		5CB26B77CE759787639608CC /* Pods-EatSpector.release.xcconfig */ = {isa = PBXFileReference; includeInIndex = 1; lastKnownFileType = text.xcconfig; name = "Pods-EatSpector.release.xcconfig"; path = "Target Support Files/Pods-EatSpector/Pods-EatSpector.release.xcconfig"; sourceTree = "<group>"; };
		862D8F719B3702751626DE94 /* Pods-EatSpectorUITests.release.xcconfig */ = {isa = PBXFileReference; includeInIndex = 1; lastKnownFileType = text.xcconfig; name = "Pods-EatSpectorUITests.release.xcconfig"; path = "Target Support Files/Pods-EatSpectorUITests/Pods-EatSpectorUITests.release.xcconfig"; sourceTree = "<group>"; };
		863CF73021B34A0F00D98B6A /* SuggestViewController.swift */ = {isa = PBXFileReference; lastKnownFileType = sourcecode.swift; path = SuggestViewController.swift; sourceTree = "<group>"; };
		867F6A7921950C140092533F /* Main.storyboard */ = {isa = PBXFileReference; fileEncoding = 4; lastKnownFileType = file.storyboard; path = Main.storyboard; sourceTree = "<group>"; };
		86C3EB7121B47C8900D71AA0 /* AccountTableViewController.swift */ = {isa = PBXFileReference; lastKnownFileType = sourcecode.swift; path = AccountTableViewController.swift; sourceTree = "<group>"; };
		86D8A28E219A716F00E4316E /* Home.storyboard */ = {isa = PBXFileReference; fileEncoding = 4; lastKnownFileType = file.storyboard; path = Home.storyboard; sourceTree = "<group>"; };
		ADE0D99FDEE7C12DEE9CD778 /* Pods-EatSpectorTests.debug.xcconfig */ = {isa = PBXFileReference; includeInIndex = 1; lastKnownFileType = text.xcconfig; name = "Pods-EatSpectorTests.debug.xcconfig"; path = "Target Support Files/Pods-EatSpectorTests/Pods-EatSpectorTests.debug.xcconfig"; sourceTree = "<group>"; };
		B26D8F5BFFCF886DC0FEDEC3 /* Pods-EatSpector.debug.xcconfig */ = {isa = PBXFileReference; includeInIndex = 1; lastKnownFileType = text.xcconfig; name = "Pods-EatSpector.debug.xcconfig"; path = "Target Support Files/Pods-EatSpector/Pods-EatSpector.debug.xcconfig"; sourceTree = "<group>"; };
		B374A3318F0FFEB7C08CE58A /* Pods_EatSpectorUITests.framework */ = {isa = PBXFileReference; explicitFileType = wrapper.framework; includeInIndex = 0; path = Pods_EatSpectorUITests.framework; sourceTree = BUILT_PRODUCTS_DIR; };
		C6802A06441007532F4C3458 /* Pods_EatSpectorTests.framework */ = {isa = PBXFileReference; explicitFileType = wrapper.framework; includeInIndex = 0; path = Pods_EatSpectorTests.framework; sourceTree = BUILT_PRODUCTS_DIR; };
		D4093E8A3101AA29D4E76591 /* Pods_EatSpector.framework */ = {isa = PBXFileReference; explicitFileType = wrapper.framework; includeInIndex = 0; path = Pods_EatSpector.framework; sourceTree = BUILT_PRODUCTS_DIR; };
/* End PBXFileReference section */

/* Begin PBXFrameworksBuildPhase section */
		0825E9A32164673000994015 /* Frameworks */ = {
			isa = PBXFrameworksBuildPhase;
			buildActionMask = 2147483647;
			files = (
				DFFC856E49CCD9793408B7A2 /* Pods_EatSpector.framework in Frameworks */,
			);
			runOnlyForDeploymentPostprocessing = 0;
		};
		0825E9B72164673100994015 /* Frameworks */ = {
			isa = PBXFrameworksBuildPhase;
			buildActionMask = 2147483647;
			files = (
				2B7CAD1D687B99C9EB73DB59 /* Pods_EatSpectorTests.framework in Frameworks */,
			);
			runOnlyForDeploymentPostprocessing = 0;
		};
		0825E9C22164673100994015 /* Frameworks */ = {
			isa = PBXFrameworksBuildPhase;
			buildActionMask = 2147483647;
			files = (
				A95C8C53573430327F2165C9 /* Pods_EatSpectorUITests.framework in Frameworks */,
			);
			runOnlyForDeploymentPostprocessing = 0;
		};
/* End PBXFrameworksBuildPhase section */

/* Begin PBXGroup section */
		0825E99D2164673000994015 = {
			isa = PBXGroup;
			children = (
				0825E9A82164673000994015 /* EatSpector */,
				0825E9BD2164673100994015 /* EatSpectorTests */,
				0825E9C82164673100994015 /* EatSpectorUITests */,
				0825E9A72164673000994015 /* Products */,
				D54F10231073F281AAEC24FB /* Pods */,
				8F14A34A9B5B754220A6FE74 /* Frameworks */,
			);
			sourceTree = "<group>";
		};
		0825E9A72164673000994015 /* Products */ = {
			isa = PBXGroup;
			children = (
				0825E9A62164673000994015 /* EatSpector.app */,
				0825E9BA2164673100994015 /* EatSpectorTests.xctest */,
				0825E9C52164673100994015 /* EatSpectorUITests.xctest */,
			);
			name = Products;
			sourceTree = "<group>";
		};
		0825E9A82164673000994015 /* EatSpector */ = {
			isa = PBXGroup;
			children = (
				0830FC8021817B7900896264 /* API */,
				0830FC7F218174B400896264 /* Views */,
				0830FC7E218174A100896264 /* Modals */,
				08BB8421217702D200EC8FEB /* ViewControllers */,
				0825E9A92164673000994015 /* AppDelegate.swift */,
				08E3DC23218922F2004F7CB3 /* GoogleService-Info.plist */,
				867F6A7921950C140092533F /* Main.storyboard */,
				86D8A28E219A716F00E4316E /* Home.storyboard */,
				0825E9B02164673100994015 /* Assets.xcassets */,
				0825E9B22164673100994015 /* LaunchScreen.storyboard */,
				0825E9B52164673100994015 /* Info.plist */,
			);
			path = EatSpector;
			sourceTree = "<group>";
		};
		0825E9BD2164673100994015 /* EatSpectorTests */ = {
			isa = PBXGroup;
			children = (
				0825E9BE2164673100994015 /* EatSpectorTests.swift */,
				0825E9C02164673100994015 /* Info.plist */,
			);
			path = EatSpectorTests;
			sourceTree = "<group>";
		};
		0825E9C82164673100994015 /* EatSpectorUITests */ = {
			isa = PBXGroup;
			children = (
				0825E9C92164673100994015 /* EatSpectorUITests.swift */,
				0825E9CB2164673100994015 /* Info.plist */,
			);
			path = EatSpectorUITests;
			sourceTree = "<group>";
		};
		0830FC7E218174A100896264 /* Modals */ = {
			isa = PBXGroup;
			children = (
				0830FC7C2181748D00896264 /* Business.swift */,
			);
			path = Modals;
			sourceTree = "<group>";
		};
		0830FC7F218174B400896264 /* Views */ = {
			isa = PBXGroup;
			children = (
				0830FC7A218170DE00896264 /* BusinessCell.swift */,
				08F261B321A723F200F74E89 /* MainCell.swift */,
			);
			path = Views;
			sourceTree = "<group>";
		};
		0830FC8021817B7900896264 /* API */ = {
			isa = PBXGroup;
			children = (
				0830FC8121817B9F00896264 /* BusinessAPIManager.swift */,
			);
			path = API;
			sourceTree = "<group>";
		};
		08BB8421217702D200EC8FEB /* ViewControllers */ = {
			isa = PBXGroup;
			children = (
				08BB8422217702ED00EC8FEB /* SignUpViewController.swift */,
				08BB84242177032000EC8FEB /* SignInViewController.swift */,
				08A1E2F821791DEB0045F62E /* HomeViewController.swift */,
				08A1E2FA21791EF60045F62E /* DetailViewController.swift */,
				08F261B121A720C400F74E89 /* MainViewController.swift */,
				863CF73021B34A0F00D98B6A /* SuggestViewController.swift */,
				86C3EB7121B47C8900D71AA0 /* AccountTableViewController.swift */,
				08DCEBFF21B63CE80095A45E /* RecommendationVC.swift */,
			);
			path = ViewControllers;
			sourceTree = "<group>";
		};
		8F14A34A9B5B754220A6FE74 /* Frameworks */ = {
			isa = PBXGroup;
			children = (
				D4093E8A3101AA29D4E76591 /* Pods_EatSpector.framework */,
				C6802A06441007532F4C3458 /* Pods_EatSpectorTests.framework */,
				B374A3318F0FFEB7C08CE58A /* Pods_EatSpectorUITests.framework */,
			);
			name = Frameworks;
			sourceTree = "<group>";
		};
		D54F10231073F281AAEC24FB /* Pods */ = {
			isa = PBXGroup;
			children = (
				B26D8F5BFFCF886DC0FEDEC3 /* Pods-EatSpector.debug.xcconfig */,
				5CB26B77CE759787639608CC /* Pods-EatSpector.release.xcconfig */,
				ADE0D99FDEE7C12DEE9CD778 /* Pods-EatSpectorTests.debug.xcconfig */,
				56C0EB14FBC4C8F4094A47FA /* Pods-EatSpectorTests.release.xcconfig */,
				3D6C1A7ADBF3DBB2C0C0E706 /* Pods-EatSpectorUITests.debug.xcconfig */,
				862D8F719B3702751626DE94 /* Pods-EatSpectorUITests.release.xcconfig */,
			);
			path = Pods;
			sourceTree = "<group>";
		};
/* End PBXGroup section */

/* Begin PBXNativeTarget section */
		0825E9A52164673000994015 /* EatSpector */ = {
			isa = PBXNativeTarget;
			buildConfigurationList = 0825E9CE2164673100994015 /* Build configuration list for PBXNativeTarget "EatSpector" */;
			buildPhases = (
				21F03622AB6065002EB7FA62 /* [CP] Check Pods Manifest.lock */,
				0825E9A22164673000994015 /* Sources */,
				0825E9A32164673000994015 /* Frameworks */,
				0825E9A42164673000994015 /* Resources */,
				2EAFE68DBA86EFCEB0D58100 /* [CP] Embed Pods Frameworks */,
				DF3F9C1CDF720244A70E25CE /* [CP] Copy Pods Resources */,
			);
			buildRules = (
			);
			dependencies = (
			);
			name = EatSpector;
			productName = EatSpector;
			productReference = 0825E9A62164673000994015 /* EatSpector.app */;
			productType = "com.apple.product-type.application";
		};
		0825E9B92164673100994015 /* EatSpectorTests */ = {
			isa = PBXNativeTarget;
			buildConfigurationList = 0825E9D12164673100994015 /* Build configuration list for PBXNativeTarget "EatSpectorTests" */;
			buildPhases = (
				E9D64C9653D562EC5D8B3CD7 /* [CP] Check Pods Manifest.lock */,
				0825E9B62164673100994015 /* Sources */,
				0825E9B72164673100994015 /* Frameworks */,
				0825E9B82164673100994015 /* Resources */,
			);
			buildRules = (
			);
			dependencies = (
				0825E9BC2164673100994015 /* PBXTargetDependency */,
			);
			name = EatSpectorTests;
			productName = EatSpectorTests;
			productReference = 0825E9BA2164673100994015 /* EatSpectorTests.xctest */;
			productType = "com.apple.product-type.bundle.unit-test";
		};
		0825E9C42164673100994015 /* EatSpectorUITests */ = {
			isa = PBXNativeTarget;
			buildConfigurationList = 0825E9D42164673100994015 /* Build configuration list for PBXNativeTarget "EatSpectorUITests" */;
			buildPhases = (
				8B388DD8168651881D5998FE /* [CP] Check Pods Manifest.lock */,
				0825E9C12164673100994015 /* Sources */,
				0825E9C22164673100994015 /* Frameworks */,
				0825E9C32164673100994015 /* Resources */,
			);
			buildRules = (
			);
			dependencies = (
				0825E9C72164673100994015 /* PBXTargetDependency */,
			);
			name = EatSpectorUITests;
			productName = EatSpectorUITests;
			productReference = 0825E9C52164673100994015 /* EatSpectorUITests.xctest */;
			productType = "com.apple.product-type.bundle.ui-testing";
		};
/* End PBXNativeTarget section */

/* Begin PBXProject section */
		0825E99E2164673000994015 /* Project object */ = {
			isa = PBXProject;
			attributes = {
				LastSwiftUpdateCheck = 1000;
				LastUpgradeCheck = 1000;
				ORGANIZATIONNAME = TechBloomer;
				TargetAttributes = {
					0825E9A52164673000994015 = {
						CreatedOnToolsVersion = 10.0;
					};
					0825E9B92164673100994015 = {
						CreatedOnToolsVersion = 10.0;
						TestTargetID = 0825E9A52164673000994015;
					};
					0825E9C42164673100994015 = {
						CreatedOnToolsVersion = 10.0;
						TestTargetID = 0825E9A52164673000994015;
					};
				};
			};
			buildConfigurationList = 0825E9A12164673000994015 /* Build configuration list for PBXProject "EatSpector" */;
			compatibilityVersion = "Xcode 9.3";
			developmentRegion = en;
			hasScannedForEncodings = 0;
			knownRegions = (
				en,
				Base,
			);
			mainGroup = 0825E99D2164673000994015;
			productRefGroup = 0825E9A72164673000994015 /* Products */;
			projectDirPath = "";
			projectRoot = "";
			targets = (
				0825E9A52164673000994015 /* EatSpector */,
				0825E9B92164673100994015 /* EatSpectorTests */,
				0825E9C42164673100994015 /* EatSpectorUITests */,
			);
		};
/* End PBXProject section */

/* Begin PBXResourcesBuildPhase section */
		0825E9A42164673000994015 /* Resources */ = {
			isa = PBXResourcesBuildPhase;
			buildActionMask = 2147483647;
			files = (
				0825E9B42164673100994015 /* LaunchScreen.storyboard in Resources */,
				86D8A28F219A716F00E4316E /* Home.storyboard in Resources */,
				08E3DC24218922F2004F7CB3 /* GoogleService-Info.plist in Resources */,
				0825E9B12164673100994015 /* Assets.xcassets in Resources */,
				867F6A7A21950C140092533F /* Main.storyboard in Resources */,
			);
			runOnlyForDeploymentPostprocessing = 0;
		};
		0825E9B82164673100994015 /* Resources */ = {
			isa = PBXResourcesBuildPhase;
			buildActionMask = 2147483647;
			files = (
			);
			runOnlyForDeploymentPostprocessing = 0;
		};
		0825E9C32164673100994015 /* Resources */ = {
			isa = PBXResourcesBuildPhase;
			buildActionMask = 2147483647;
			files = (
			);
			runOnlyForDeploymentPostprocessing = 0;
		};
/* End PBXResourcesBuildPhase section */

/* Begin PBXShellScriptBuildPhase section */
		21F03622AB6065002EB7FA62 /* [CP] Check Pods Manifest.lock */ = {
			isa = PBXShellScriptBuildPhase;
			buildActionMask = 2147483647;
			files = (
			);
			inputFileListPaths = (
			);
			inputPaths = (
				"${PODS_PODFILE_DIR_PATH}/Podfile.lock",
				"${PODS_ROOT}/Manifest.lock",
			);
			name = "[CP] Check Pods Manifest.lock";
			outputFileListPaths = (
			);
			outputPaths = (
				"$(DERIVED_FILE_DIR)/Pods-EatSpector-checkManifestLockResult.txt",
			);
			runOnlyForDeploymentPostprocessing = 0;
			shellPath = /bin/sh;
			shellScript = "diff \"${PODS_PODFILE_DIR_PATH}/Podfile.lock\" \"${PODS_ROOT}/Manifest.lock\" > /dev/null\nif [ $? != 0 ] ; then\n    # print error to STDERR\n    echo \"error: The sandbox is not in sync with the Podfile.lock. Run 'pod install' or update your CocoaPods installation.\" >&2\n    exit 1\nfi\n# This output is used by Xcode 'outputs' to avoid re-running this script phase.\necho \"SUCCESS\" > \"${SCRIPT_OUTPUT_FILE_0}\"\n";
			showEnvVarsInLog = 0;
		};
		2EAFE68DBA86EFCEB0D58100 /* [CP] Embed Pods Frameworks */ = {
			isa = PBXShellScriptBuildPhase;
			buildActionMask = 2147483647;
			files = (
			);
			inputFileListPaths = (
			);
			inputPaths = (
				"${PODS_ROOT}/Target Support Files/Pods-EatSpector/Pods-EatSpector-frameworks.sh",
				"${BUILT_PRODUCTS_DIR}/AFNetworking/AFNetworking.framework",
				"${BUILT_PRODUCTS_DIR}/Alamofire/Alamofire.framework",
				"${BUILT_PRODUCTS_DIR}/AlamofireImage/AlamofireImage.framework",
				"${BUILT_PRODUCTS_DIR}/GTMSessionFetcher/GTMSessionFetcher.framework",
				"${BUILT_PRODUCTS_DIR}/GoogleUtilities/GoogleUtilities.framework",
				"${BUILT_PRODUCTS_DIR}/ImageSlideshow/ImageSlideshow.framework",
				"${BUILT_PRODUCTS_DIR}/NVActivityIndicatorView/NVActivityIndicatorView.framework",
				"${BUILT_PRODUCTS_DIR}/leveldb-library/leveldb.framework",
				"${BUILT_PRODUCTS_DIR}/nanopb/nanopb.framework",
			);
			name = "[CP] Embed Pods Frameworks";
			outputFileListPaths = (
			);
			outputPaths = (
				"${TARGET_BUILD_DIR}/${FRAMEWORKS_FOLDER_PATH}/AFNetworking.framework",
				"${TARGET_BUILD_DIR}/${FRAMEWORKS_FOLDER_PATH}/Alamofire.framework",
				"${TARGET_BUILD_DIR}/${FRAMEWORKS_FOLDER_PATH}/AlamofireImage.framework",
				"${TARGET_BUILD_DIR}/${FRAMEWORKS_FOLDER_PATH}/GTMSessionFetcher.framework",
				"${TARGET_BUILD_DIR}/${FRAMEWORKS_FOLDER_PATH}/GoogleUtilities.framework",
				"${TARGET_BUILD_DIR}/${FRAMEWORKS_FOLDER_PATH}/ImageSlideshow.framework",
				"${TARGET_BUILD_DIR}/${FRAMEWORKS_FOLDER_PATH}/NVActivityIndicatorView.framework",
				"${TARGET_BUILD_DIR}/${FRAMEWORKS_FOLDER_PATH}/leveldb.framework",
				"${TARGET_BUILD_DIR}/${FRAMEWORKS_FOLDER_PATH}/nanopb.framework",
			);
			runOnlyForDeploymentPostprocessing = 0;
			shellPath = /bin/sh;
			shellScript = "\"${PODS_ROOT}/Target Support Files/Pods-EatSpector/Pods-EatSpector-frameworks.sh\"\n";
			showEnvVarsInLog = 0;
		};
		8B388DD8168651881D5998FE /* [CP] Check Pods Manifest.lock */ = {
			isa = PBXShellScriptBuildPhase;
			buildActionMask = 2147483647;
			files = (
			);
			inputFileListPaths = (
			);
			inputPaths = (
				"${PODS_PODFILE_DIR_PATH}/Podfile.lock",
				"${PODS_ROOT}/Manifest.lock",
			);
			name = "[CP] Check Pods Manifest.lock";
			outputFileListPaths = (
			);
			outputPaths = (
				"$(DERIVED_FILE_DIR)/Pods-EatSpectorUITests-checkManifestLockResult.txt",
			);
			runOnlyForDeploymentPostprocessing = 0;
			shellPath = /bin/sh;
			shellScript = "diff \"${PODS_PODFILE_DIR_PATH}/Podfile.lock\" \"${PODS_ROOT}/Manifest.lock\" > /dev/null\nif [ $? != 0 ] ; then\n    # print error to STDERR\n    echo \"error: The sandbox is not in sync with the Podfile.lock. Run 'pod install' or update your CocoaPods installation.\" >&2\n    exit 1\nfi\n# This output is used by Xcode 'outputs' to avoid re-running this script phase.\necho \"SUCCESS\" > \"${SCRIPT_OUTPUT_FILE_0}\"\n";
			showEnvVarsInLog = 0;
		};
		DF3F9C1CDF720244A70E25CE /* [CP] Copy Pods Resources */ = {
			isa = PBXShellScriptBuildPhase;
			buildActionMask = 2147483647;
			files = (
			);
			inputFileListPaths = (
			);
			inputPaths = (
				"${PODS_ROOT}/Target Support Files/Pods-EatSpector/Pods-EatSpector-resources.sh",
				"${PODS_ROOT}/GoogleMaps/Maps/Frameworks/GoogleMaps.framework/Resources/GoogleMaps.bundle",
				"${PODS_ROOT}/GooglePlaces/Frameworks/GooglePlaces.framework/Resources/GooglePlaces.bundle",
			);
			name = "[CP] Copy Pods Resources";
			outputFileListPaths = (
			);
			outputPaths = (
				"${TARGET_BUILD_DIR}/${UNLOCALIZED_RESOURCES_FOLDER_PATH}/GoogleMaps.bundle",
				"${TARGET_BUILD_DIR}/${UNLOCALIZED_RESOURCES_FOLDER_PATH}/GooglePlaces.bundle",
			);
			runOnlyForDeploymentPostprocessing = 0;
			shellPath = /bin/sh;
			shellScript = "\"${PODS_ROOT}/Target Support Files/Pods-EatSpector/Pods-EatSpector-resources.sh\"\n";
			showEnvVarsInLog = 0;
		};
		E9D64C9653D562EC5D8B3CD7 /* [CP] Check Pods Manifest.lock */ = {
			isa = PBXShellScriptBuildPhase;
			buildActionMask = 2147483647;
			files = (
			);
			inputFileListPaths = (
			);
			inputPaths = (
				"${PODS_PODFILE_DIR_PATH}/Podfile.lock",
				"${PODS_ROOT}/Manifest.lock",
			);
			name = "[CP] Check Pods Manifest.lock";
			outputFileListPaths = (
			);
			outputPaths = (
				"$(DERIVED_FILE_DIR)/Pods-EatSpectorTests-checkManifestLockResult.txt",
			);
			runOnlyForDeploymentPostprocessing = 0;
			shellPath = /bin/sh;
			shellScript = "diff \"${PODS_PODFILE_DIR_PATH}/Podfile.lock\" \"${PODS_ROOT}/Manifest.lock\" > /dev/null\nif [ $? != 0 ] ; then\n    # print error to STDERR\n    echo \"error: The sandbox is not in sync with the Podfile.lock. Run 'pod install' or update your CocoaPods installation.\" >&2\n    exit 1\nfi\n# This output is used by Xcode 'outputs' to avoid re-running this script phase.\necho \"SUCCESS\" > \"${SCRIPT_OUTPUT_FILE_0}\"\n";
			showEnvVarsInLog = 0;
		};
/* End PBXShellScriptBuildPhase section */

/* Begin PBXSourcesBuildPhase section */
		0825E9A22164673000994015 /* Sources */ = {
			isa = PBXSourcesBuildPhase;
			buildActionMask = 2147483647;
			files = (
				863CF73121B34A0F00D98B6A /* SuggestViewController.swift in Sources */,
				08BB8423217702ED00EC8FEB /* SignUpViewController.swift in Sources */,
				86C3EB7221B47C8900D71AA0 /* AccountTableViewController.swift in Sources */,
				0830FC7D2181748D00896264 /* Business.swift in Sources */,
				0825E9AA2164673000994015 /* AppDelegate.swift in Sources */,
				08A1E2FB21791EF60045F62E /* DetailViewController.swift in Sources */,
				08F261B421A723F200F74E89 /* MainCell.swift in Sources */,
				08DCEC0021B63CE80095A45E /* RecommendationVC.swift in Sources */,
				0830FC8221817B9F00896264 /* BusinessAPIManager.swift in Sources */,
				08BB84252177032000EC8FEB /* SignInViewController.swift in Sources */,
				08F261B221A720C400F74E89 /* MainViewController.swift in Sources */,
				08A1E2F921791DEB0045F62E /* HomeViewController.swift in Sources */,
				0830FC7B218170DE00896264 /* BusinessCell.swift in Sources */,
			);
			runOnlyForDeploymentPostprocessing = 0;
		};
		0825E9B62164673100994015 /* Sources */ = {
			isa = PBXSourcesBuildPhase;
			buildActionMask = 2147483647;
			files = (
				0825E9BF2164673100994015 /* EatSpectorTests.swift in Sources */,
			);
			runOnlyForDeploymentPostprocessing = 0;
		};
		0825E9C12164673100994015 /* Sources */ = {
			isa = PBXSourcesBuildPhase;
			buildActionMask = 2147483647;
			files = (
				0825E9CA2164673100994015 /* EatSpectorUITests.swift in Sources */,
			);
			runOnlyForDeploymentPostprocessing = 0;
		};
/* End PBXSourcesBuildPhase section */

/* Begin PBXTargetDependency section */
		0825E9BC2164673100994015 /* PBXTargetDependency */ = {
			isa = PBXTargetDependency;
			target = 0825E9A52164673000994015 /* EatSpector */;
			targetProxy = 0825E9BB2164673100994015 /* PBXContainerItemProxy */;
		};
		0825E9C72164673100994015 /* PBXTargetDependency */ = {
			isa = PBXTargetDependency;
			target = 0825E9A52164673000994015 /* EatSpector */;
			targetProxy = 0825E9C62164673100994015 /* PBXContainerItemProxy */;
		};
/* End PBXTargetDependency section */

/* Begin PBXVariantGroup section */
		0825E9B22164673100994015 /* LaunchScreen.storyboard */ = {
			isa = PBXVariantGroup;
			children = (
				0825E9B32164673100994015 /* Base */,
			);
			name = LaunchScreen.storyboard;
			sourceTree = "<group>";
		};
/* End PBXVariantGroup section */

/* Begin XCBuildConfiguration section */
		0825E9CC2164673100994015 /* Debug */ = {
			isa = XCBuildConfiguration;
			buildSettings = {
				ALWAYS_SEARCH_USER_PATHS = NO;
				CLANG_ANALYZER_NONNULL = YES;
				CLANG_ANALYZER_NUMBER_OBJECT_CONVERSION = YES_AGGRESSIVE;
				CLANG_CXX_LANGUAGE_STANDARD = "gnu++14";
				CLANG_CXX_LIBRARY = "libc++";
				CLANG_ENABLE_MODULES = YES;
				CLANG_ENABLE_OBJC_ARC = YES;
				CLANG_ENABLE_OBJC_WEAK = YES;
				CLANG_WARN_BLOCK_CAPTURE_AUTORELEASING = YES;
				CLANG_WARN_BOOL_CONVERSION = YES;
				CLANG_WARN_COMMA = YES;
				CLANG_WARN_CONSTANT_CONVERSION = YES;
				CLANG_WARN_DEPRECATED_OBJC_IMPLEMENTATIONS = YES;
				CLANG_WARN_DIRECT_OBJC_ISA_USAGE = YES_ERROR;
				CLANG_WARN_DOCUMENTATION_COMMENTS = YES;
				CLANG_WARN_EMPTY_BODY = YES;
				CLANG_WARN_ENUM_CONVERSION = YES;
				CLANG_WARN_INFINITE_RECURSION = YES;
				CLANG_WARN_INT_CONVERSION = YES;
				CLANG_WARN_NON_LITERAL_NULL_CONVERSION = YES;
				CLANG_WARN_OBJC_IMPLICIT_RETAIN_SELF = YES;
				CLANG_WARN_OBJC_LITERAL_CONVERSION = YES;
				CLANG_WARN_OBJC_ROOT_CLASS = YES_ERROR;
				CLANG_WARN_RANGE_LOOP_ANALYSIS = YES;
				CLANG_WARN_STRICT_PROTOTYPES = YES;
				CLANG_WARN_SUSPICIOUS_MOVE = YES;
				CLANG_WARN_UNGUARDED_AVAILABILITY = YES_AGGRESSIVE;
				CLANG_WARN_UNREACHABLE_CODE = YES;
				CLANG_WARN__DUPLICATE_METHOD_MATCH = YES;
				CODE_SIGN_IDENTITY = "iPhone Developer";
				COPY_PHASE_STRIP = NO;
				DEBUG_INFORMATION_FORMAT = dwarf;
				ENABLE_STRICT_OBJC_MSGSEND = YES;
				ENABLE_TESTABILITY = YES;
				GCC_C_LANGUAGE_STANDARD = gnu11;
				GCC_DYNAMIC_NO_PIC = NO;
				GCC_NO_COMMON_BLOCKS = YES;
				GCC_OPTIMIZATION_LEVEL = 0;
				GCC_PREPROCESSOR_DEFINITIONS = (
					"DEBUG=1",
					"$(inherited)",
				);
				GCC_WARN_64_TO_32_BIT_CONVERSION = YES;
				GCC_WARN_ABOUT_RETURN_TYPE = YES_ERROR;
				GCC_WARN_UNDECLARED_SELECTOR = YES;
				GCC_WARN_UNINITIALIZED_AUTOS = YES_AGGRESSIVE;
				GCC_WARN_UNUSED_FUNCTION = YES;
				GCC_WARN_UNUSED_VARIABLE = YES;
				IPHONEOS_DEPLOYMENT_TARGET = 12.0;
				MTL_ENABLE_DEBUG_INFO = INCLUDE_SOURCE;
				MTL_FAST_MATH = YES;
				ONLY_ACTIVE_ARCH = YES;
				SDKROOT = iphoneos;
				SWIFT_ACTIVE_COMPILATION_CONDITIONS = DEBUG;
				SWIFT_OPTIMIZATION_LEVEL = "-Onone";
			};
			name = Debug;
		};
		0825E9CD2164673100994015 /* Release */ = {
			isa = XCBuildConfiguration;
			buildSettings = {
				ALWAYS_SEARCH_USER_PATHS = NO;
				CLANG_ANALYZER_NONNULL = YES;
				CLANG_ANALYZER_NUMBER_OBJECT_CONVERSION = YES_AGGRESSIVE;
				CLANG_CXX_LANGUAGE_STANDARD = "gnu++14";
				CLANG_CXX_LIBRARY = "libc++";
				CLANG_ENABLE_MODULES = YES;
				CLANG_ENABLE_OBJC_ARC = YES;
				CLANG_ENABLE_OBJC_WEAK = YES;
				CLANG_WARN_BLOCK_CAPTURE_AUTORELEASING = YES;
				CLANG_WARN_BOOL_CONVERSION = YES;
				CLANG_WARN_COMMA = YES;
				CLANG_WARN_CONSTANT_CONVERSION = YES;
				CLANG_WARN_DEPRECATED_OBJC_IMPLEMENTATIONS = YES;
				CLANG_WARN_DIRECT_OBJC_ISA_USAGE = YES_ERROR;
				CLANG_WARN_DOCUMENTATION_COMMENTS = YES;
				CLANG_WARN_EMPTY_BODY = YES;
				CLANG_WARN_ENUM_CONVERSION = YES;
				CLANG_WARN_INFINITE_RECURSION = YES;
				CLANG_WARN_INT_CONVERSION = YES;
				CLANG_WARN_NON_LITERAL_NULL_CONVERSION = YES;
				CLANG_WARN_OBJC_IMPLICIT_RETAIN_SELF = YES;
				CLANG_WARN_OBJC_LITERAL_CONVERSION = YES;
				CLANG_WARN_OBJC_ROOT_CLASS = YES_ERROR;
				CLANG_WARN_RANGE_LOOP_ANALYSIS = YES;
				CLANG_WARN_STRICT_PROTOTYPES = YES;
				CLANG_WARN_SUSPICIOUS_MOVE = YES;
				CLANG_WARN_UNGUARDED_AVAILABILITY = YES_AGGRESSIVE;
				CLANG_WARN_UNREACHABLE_CODE = YES;
				CLANG_WARN__DUPLICATE_METHOD_MATCH = YES;
				CODE_SIGN_IDENTITY = "iPhone Developer";
				COPY_PHASE_STRIP = NO;
				DEBUG_INFORMATION_FORMAT = "dwarf-with-dsym";
				ENABLE_NS_ASSERTIONS = NO;
				ENABLE_STRICT_OBJC_MSGSEND = YES;
				GCC_C_LANGUAGE_STANDARD = gnu11;
				GCC_NO_COMMON_BLOCKS = YES;
				GCC_WARN_64_TO_32_BIT_CONVERSION = YES;
				GCC_WARN_ABOUT_RETURN_TYPE = YES_ERROR;
				GCC_WARN_UNDECLARED_SELECTOR = YES;
				GCC_WARN_UNINITIALIZED_AUTOS = YES_AGGRESSIVE;
				GCC_WARN_UNUSED_FUNCTION = YES;
				GCC_WARN_UNUSED_VARIABLE = YES;
				IPHONEOS_DEPLOYMENT_TARGET = 12.0;
				MTL_ENABLE_DEBUG_INFO = NO;
				MTL_FAST_MATH = YES;
				SDKROOT = iphoneos;
				SWIFT_COMPILATION_MODE = wholemodule;
				SWIFT_OPTIMIZATION_LEVEL = "-O";
				VALIDATE_PRODUCT = YES;
			};
			name = Release;
		};
		0825E9CF2164673100994015 /* Debug */ = {
			isa = XCBuildConfiguration;
			baseConfigurationReference = B26D8F5BFFCF886DC0FEDEC3 /* Pods-EatSpector.debug.xcconfig */;
			buildSettings = {
				ASSETCATALOG_COMPILER_APPICON_NAME = AppIcon;
				CODE_SIGN_STYLE = Automatic;
				DEVELOPMENT_TEAM = 5D7WA4DHD4;
				INFOPLIST_FILE = EatSpector/Info.plist;
				LD_RUNPATH_SEARCH_PATHS = (
					"$(inherited)",
					"@executable_path/Frameworks",
				);
				PRODUCT_BUNDLE_IDENTIFIER = RnR.EatSpector;
				PRODUCT_NAME = "$(TARGET_NAME)";
				SWIFT_VERSION = 4.2;
				TARGETED_DEVICE_FAMILY = "1,2";
			};
			name = Debug;
		};
		0825E9D02164673100994015 /* Release */ = {
			isa = XCBuildConfiguration;
			baseConfigurationReference = 5CB26B77CE759787639608CC /* Pods-EatSpector.release.xcconfig */;
			buildSettings = {
				ASSETCATALOG_COMPILER_APPICON_NAME = AppIcon;
				CODE_SIGN_STYLE = Automatic;
				DEVELOPMENT_TEAM = 5D7WA4DHD4;
				INFOPLIST_FILE = EatSpector/Info.plist;
				LD_RUNPATH_SEARCH_PATHS = (
					"$(inherited)",
					"@executable_path/Frameworks",
				);
				PRODUCT_BUNDLE_IDENTIFIER = RnR.EatSpector;
				PRODUCT_NAME = "$(TARGET_NAME)";
				SWIFT_VERSION = 4.2;
				TARGETED_DEVICE_FAMILY = "1,2";
			};
			name = Release;
		};
		0825E9D22164673100994015 /* Debug */ = {
			isa = XCBuildConfiguration;
			baseConfigurationReference = ADE0D99FDEE7C12DEE9CD778 /* Pods-EatSpectorTests.debug.xcconfig */;
			buildSettings = {
				ALWAYS_EMBED_SWIFT_STANDARD_LIBRARIES = YES;
				BUNDLE_LOADER = "$(TEST_HOST)";
				CODE_SIGN_STYLE = Automatic;
				DEVELOPMENT_TEAM = 5D7WA4DHD4;
				INFOPLIST_FILE = EatSpectorTests/Info.plist;
				LD_RUNPATH_SEARCH_PATHS = (
					"$(inherited)",
					"@executable_path/Frameworks",
					"@loader_path/Frameworks",
				);
				PRODUCT_BUNDLE_IDENTIFIER = RnR.EatSpectorTests;
				PRODUCT_NAME = "$(TARGET_NAME)";
				SWIFT_VERSION = 4.2;
				TARGETED_DEVICE_FAMILY = "1,2";
				TEST_HOST = "$(BUILT_PRODUCTS_DIR)/EatSpector.app/EatSpector";
			};
			name = Debug;
		};
		0825E9D32164673100994015 /* Release */ = {
			isa = XCBuildConfiguration;
			baseConfigurationReference = 56C0EB14FBC4C8F4094A47FA /* Pods-EatSpectorTests.release.xcconfig */;
			buildSettings = {
				ALWAYS_EMBED_SWIFT_STANDARD_LIBRARIES = YES;
				BUNDLE_LOADER = "$(TEST_HOST)";
				CODE_SIGN_STYLE = Automatic;
				DEVELOPMENT_TEAM = 5D7WA4DHD4;
				INFOPLIST_FILE = EatSpectorTests/Info.plist;
				LD_RUNPATH_SEARCH_PATHS = (
					"$(inherited)",
					"@executable_path/Frameworks",
					"@loader_path/Frameworks",
				);
				PRODUCT_BUNDLE_IDENTIFIER = RnR.EatSpectorTests;
				PRODUCT_NAME = "$(TARGET_NAME)";
				SWIFT_VERSION = 4.2;
				TARGETED_DEVICE_FAMILY = "1,2";
				TEST_HOST = "$(BUILT_PRODUCTS_DIR)/EatSpector.app/EatSpector";
			};
			name = Release;
		};
		0825E9D52164673100994015 /* Debug */ = {
			isa = XCBuildConfiguration;
			baseConfigurationReference = 3D6C1A7ADBF3DBB2C0C0E706 /* Pods-EatSpectorUITests.debug.xcconfig */;
			buildSettings = {
				ALWAYS_EMBED_SWIFT_STANDARD_LIBRARIES = YES;
				CODE_SIGN_STYLE = Automatic;
				DEVELOPMENT_TEAM = 5D7WA4DHD4;
				INFOPLIST_FILE = EatSpectorUITests/Info.plist;
				LD_RUNPATH_SEARCH_PATHS = (
					"$(inherited)",
					"@executable_path/Frameworks",
					"@loader_path/Frameworks",
				);
				PRODUCT_BUNDLE_IDENTIFIER = RnR.EatSpectorUITests;
				PRODUCT_NAME = "$(TARGET_NAME)";
				SWIFT_VERSION = 4.2;
				TARGETED_DEVICE_FAMILY = "1,2";
				TEST_TARGET_NAME = EatSpector;
			};
			name = Debug;
		};
		0825E9D62164673100994015 /* Release */ = {
			isa = XCBuildConfiguration;
			baseConfigurationReference = 862D8F719B3702751626DE94 /* Pods-EatSpectorUITests.release.xcconfig */;
			buildSettings = {
				ALWAYS_EMBED_SWIFT_STANDARD_LIBRARIES = YES;
				CODE_SIGN_STYLE = Automatic;
				DEVELOPMENT_TEAM = 5D7WA4DHD4;
				INFOPLIST_FILE = EatSpectorUITests/Info.plist;
				LD_RUNPATH_SEARCH_PATHS = (
					"$(inherited)",
					"@executable_path/Frameworks",
					"@loader_path/Frameworks",
				);
				PRODUCT_BUNDLE_IDENTIFIER = RnR.EatSpectorUITests;
				PRODUCT_NAME = "$(TARGET_NAME)";
				SWIFT_VERSION = 4.2;
				TARGETED_DEVICE_FAMILY = "1,2";
				TEST_TARGET_NAME = EatSpector;
			};
			name = Release;
		};
/* End XCBuildConfiguration section */

/* Begin XCConfigurationList section */
		0825E9A12164673000994015 /* Build configuration list for PBXProject "EatSpector" */ = {
			isa = XCConfigurationList;
			buildConfigurations = (
				0825E9CC2164673100994015 /* Debug */,
				0825E9CD2164673100994015 /* Release */,
			);
			defaultConfigurationIsVisible = 0;
			defaultConfigurationName = Release;
		};
		0825E9CE2164673100994015 /* Build configuration list for PBXNativeTarget "EatSpector" */ = {
			isa = XCConfigurationList;
			buildConfigurations = (
				0825E9CF2164673100994015 /* Debug */,
				0825E9D02164673100994015 /* Release */,
			);
			defaultConfigurationIsVisible = 0;
			defaultConfigurationName = Release;
		};
		0825E9D12164673100994015 /* Build configuration list for PBXNativeTarget "EatSpectorTests" */ = {
			isa = XCConfigurationList;
			buildConfigurations = (
				0825E9D22164673100994015 /* Debug */,
				0825E9D32164673100994015 /* Release */,
			);
			defaultConfigurationIsVisible = 0;
			defaultConfigurationName = Release;
		};
		0825E9D42164673100994015 /* Build configuration list for PBXNativeTarget "EatSpectorUITests" */ = {
			isa = XCConfigurationList;
			buildConfigurations = (
				0825E9D52164673100994015 /* Debug */,
				0825E9D62164673100994015 /* Release */,
			);
			defaultConfigurationIsVisible = 0;
			defaultConfigurationName = Release;
		};
/* End XCConfigurationList section */
	};
	rootObject = 0825E99E2164673000994015 /* Project object */;
}
